# THIS IS AN AUTOGENERATED FILE. DO NOT EDIT THIS FILE DIRECTLY.
# yarn lockfile v1


"crc32@>= 0.2.2":
  version "0.2.2"
  resolved "https://registry.yarnpkg.com/crc32/-/crc32-0.2.2.tgz#7ad220d6ffdcd119f9fc127a7772cacea390a4ba"
  integrity sha512-PFZEGbDUeoNbL2GHIEpJRQGheXReDody/9axKTxhXtQqIL443wnNigtVZO9iuCIMPApKZRv7k2xr8euXHqNxQQ==

"deflate-js@>= 0.2.2":
  version "0.2.3"
  resolved "https://registry.yarnpkg.com/deflate-js/-/deflate-js-0.2.3.tgz#f85abb58ebc5151a306147473d57c3e4f7e4426b"
  integrity sha512-r5KgHJ/yTiWQs23nVeQz5dSL/kmW0MBszsssNyEqDCjjFDj4XG/c6QUN/I0JtY3ZHwwcaNBtGE8s+oV33acTfQ==

optimist@~0.2:
  version "0.2.8"
  resolved "https://registry.yarnpkg.com/optimist/-/optimist-0.2.8.tgz#e981ab7e268b457948593b55674c099a815cac31"
  integrity sha512-Wy7E3cQDpqsTIFyW7m22hSevyTLxw850ahYv7FWsw4G6MIKVTZ8NSA95KBrQ95a4SMsMr1UGUUnwEFKhVaSzIg==
  dependencies:
    wordwrap ">=0.0.1 <0.1.0"

"wordwrap@>=0.0.1 <0.1.0":
  version "0.0.3"
  resolved "https://registry.yarnpkg.com/wordwrap/-/wordwrap-0.0.3.tgz#a3d5da6cd5c0bc0008d37234bbaf1bed63059107"
  integrity sha512-1tMA907+V4QmxV7dbRvb4/8MaRALK6q9Abid3ndMYnbyo8piisCmeONVqVSXqQA3KaP4SLt5b7ud6E2sqP8TFw==
